// !$*UTF8*$!
{
	archiveVersion = 1;
	classes = {
	};
	objectVersion = 46;
	objects = {

/* Begin PBXBuildFile section */
		64356AF11AF7BBBD009A1D92 /* main.m in Sources */ = {isa = PBXBuildFile; fileRef = 64356AF01AF7BBBD009A1D92 /* main.m */; };
		64356AF41AF7BBBD009A1D92 /* AppDelegate.m in Sources */ = {isa = PBXBuildFile; fileRef = 64356AF31AF7BBBD009A1D92 /* AppDelegate.m */; };
		64356AF71AF7BBBD009A1D92 /* ViewController.m in Sources */ = {isa = PBXBuildFile; fileRef = 64356AF61AF7BBBD009A1D92 /* ViewController.m */; };
		64356AFA1AF7BBBD009A1D92 /* Main.storyboard in Resources */ = {isa = PBXBuildFile; fileRef = 64356AF81AF7BBBD009A1D92 /* Main.storyboard */; };
		64356AFC1AF7BBBD009A1D92 /* Images.xcassets in Resources */ = {isa = PBXBuildFile; fileRef = 64356AFB1AF7BBBD009A1D92 /* Images.xcassets */; };
		64356AFF1AF7BBBD009A1D92 /* LaunchScreen.xib in Resources */ = {isa = PBXBuildFile; fileRef = 64356AFD1AF7BBBD009A1D92 /* LaunchScreen.xib */; };
		64356B0B1AF7BBBD009A1D92 /* PGBiasViewDemoTests.m in Sources */ = {isa = PBXBuildFile; fileRef = 64356B0A1AF7BBBD009A1D92 /* PGBiasViewDemoTests.m */; };
		6493043E1AFDB9F200BA5B0F /* PGShutterView.m in Sources */ = {isa = PBXBuildFile; fileRef = 6493043D1AFDB9F200BA5B0F /* PGShutterView.m */; };
/* End PBXBuildFile section */

/* Begin PBXContainerItemProxy section */
		64356B051AF7BBBD009A1D92 /* PBXContainerItemProxy */ = {
			isa = PBXContainerItemProxy;
			containerPortal = 64356AE31AF7BBBD009A1D92 /* Project object */;
			proxyType = 1;
			remoteGlobalIDString = 64356AEA1AF7BBBD009A1D92;
			remoteInfo = PGBiasViewDemo;
		};
/* End PBXContainerItemProxy section */

/* Begin PBXFileReference section */
		64356AEB1AF7BBBD009A1D92 /* PGBiasViewDemo.app */ = {isa = PBXFileReference; explicitFileType = wrapper.application; includeInIndex = 0; path = PGBiasViewDemo.app; sourceTree = BUILT_PRODUCTS_DIR; };
		64356AEF1AF7BBBD009A1D92 /* Info.plist */ = {isa = PBXFileReference; lastKnownFileType = text.plist.xml; path = Info.plist; sourceTree = "<group>"; };
		64356AF01AF7BBBD009A1D92 /* main.m */ = {isa = PBXFileReference; lastKnownFileType = sourcecode.c.objc; path = main.m; sourceTree = "<group>"; };
		64356AF21AF7BBBD009A1D92 /* AppDelegate.h */ = {isa = PBXFileReference; lastKnownFileType = sourcecode.c.h; path = AppDelegate.h; sourceTree = "<group>"; };
		64356AF31AF7BBBD009A1D92 /* AppDelegate.m */ = {isa = PBXFileReference; lastKnownFileType = sourcecode.c.objc; path = AppDelegate.m; sourceTree = "<group>"; };
		64356AF51AF7BBBD009A1D92 /* ViewController.h */ = {isa = PBXFileReference; lastKnownFileType = sourcecode.c.h; path = ViewController.h; sourceTree = "<group>"; };
		64356AF61AF7BBBD009A1D92 /* ViewController.m */ = {isa = PBXFileReference; lastKnownFileType = sourcecode.c.objc; path = ViewController.m; sourceTree = "<group>"; };
		64356AF91AF7BBBD009A1D92 /* Base */ = {isa = PBXFileReference; lastKnownFileType = file.storyboard; name = Base; path = Base.lproj/Main.storyboard; sourceTree = "<group>"; };
		64356AFB1AF7BBBD009A1D92 /* Images.xcassets */ = {isa = PBXFileReference; lastKnownFileType = folder.assetcatalog; path = Images.xcassets; sourceTree = "<group>"; };
		64356AFE1AF7BBBD009A1D92 /* Base */ = {isa = PBXFileReference; lastKnownFileType = file.xib; name = Base; path = Base.lproj/LaunchScreen.xib; sourceTree = "<group>"; };
		64356B041AF7BBBD009A1D92 /* PGBiasViewDemoTests.xctest */ = {isa = PBXFileReference; explicitFileType = wrapper.cfbundle; includeInIndex = 0; path = PGBiasViewDemoTests.xctest; sourceTree = BUILT_PRODUCTS_DIR; };
		64356B091AF7BBBD009A1D92 /* Info.plist */ = {isa = PBXFileReference; lastKnownFileType = text.plist.xml; path = Info.plist; sourceTree = "<group>"; };
		64356B0A1AF7BBBD009A1D92 /* PGBiasViewDemoTests.m */ = {isa = PBXFileReference; lastKnownFileType = sourcecode.c.objc; path = PGBiasViewDemoTests.m; sourceTree = "<group>"; };
		6493043C1AFDB9F200BA5B0F /* PGShutterView.h */ = {isa = PBXFileReference; fileEncoding = 4; lastKnownFileType = sourcecode.c.h; path = PGShutterView.h; sourceTree = "<group>"; };
		6493043D1AFDB9F200BA5B0F /* PGShutterView.m */ = {isa = PBXFileReference; fileEncoding = 4; lastKnownFileType = sourcecode.c.objc; path = PGShutterView.m; sourceTree = "<group>"; };
/* End PBXFileReference section */

/* Begin PBXFrameworksBuildPhase section */
		64356AE81AF7BBBD009A1D92 /* Frameworks */ = {
			isa = PBXFrameworksBuildPhase;
			buildActionMask = 2147483647;
			files = (
			);
			runOnlyForDeploymentPostprocessing = 0;
		};
		64356B011AF7BBBD009A1D92 /* Frameworks */ = {
			isa = PBXFrameworksBuildPhase;
			buildActionMask = 2147483647;
			files = (
			);
			runOnlyForDeploymentPostprocessing = 0;
		};
/* End PBXFrameworksBuildPhase section */

/* Begin PBXGroup section */
		64356AE21AF7BBBD009A1D92 = {
			isa = PBXGroup;
			children = (
				64356AED1AF7BBBD009A1D92 /* PGBiasViewDemo */,
				64356B071AF7BBBD009A1D92 /* PGBiasViewDemoTests */,
				64356AEC1AF7BBBD009A1D92 /* Products */,
			);
			sourceTree = "<group>";
		};
		64356AEC1AF7BBBD009A1D92 /* Products */ = {
			isa = PBXGroup;
			children = (
				64356AEB1AF7BBBD009A1D92 /* PGBiasViewDemo.app */,
				64356B041AF7BBBD009A1D92 /* PGBiasViewDemoTests.xctest */,
			);
			name = Products;
			sourceTree = "<group>";
		};
		64356AED1AF7BBBD009A1D92 /* PGBiasViewDemo */ = {
			isa = PBXGroup;
			children = (
				6493043C1AFDB9F200BA5B0F /* PGShutterView.h */,
				6493043D1AFDB9F200BA5B0F /* PGShutterView.m */,
				64356AF21AF7BBBD009A1D92 /* AppDelegate.h */,
				64356AF31AF7BBBD009A1D92 /* AppDelegate.m */,
				64356AF51AF7BBBD009A1D92 /* ViewController.h */,
				64356AF61AF7BBBD009A1D92 /* ViewController.m */,
				64356AF81AF7BBBD009A1D92 /* Main.storyboard */,
				64356AFB1AF7BBBD009A1D92 /* Images.xcassets */,
				64356AFD1AF7BBBD009A1D92 /* LaunchScreen.xib */,
				64356AEE1AF7BBBD009A1D92 /* Supporting Files */,
			);
			path = PGBiasViewDemo;
			sourceTree = "<group>";
		};
		64356AEE1AF7BBBD009A1D92 /* Supporting Files */ = {
			isa = PBXGroup;
			children = (
				64356AEF1AF7BBBD009A1D92 /* Info.plist */,
				64356AF01AF7BBBD009A1D92 /* main.m */,
			);
			name = "Supporting Files";
			sourceTree = "<group>";
		};
		64356B071AF7BBBD009A1D92 /* PGBiasViewDemoTests */ = {
			isa = PBXGroup;
			children = (
				64356B0A1AF7BBBD009A1D92 /* PGBiasViewDemoTests.m */,
				64356B081AF7BBBD009A1D92 /* Supporting Files */,
			);
			path = PGBiasViewDemoTests;
			sourceTree = "<group>";
		};
		64356B081AF7BBBD009A1D92 /* Supporting Files */ = {
			isa = PBXGroup;
			children = (
				64356B091AF7BBBD009A1D92 /* Info.plist */,
			);
			name = "Supporting Files";
			sourceTree = "<group>";
		};
/* End PBXGroup section */

/* Begin PBXNativeTarget section */
		64356AEA1AF7BBBD009A1D92 /* PGBiasViewDemo */ = {
			isa = PBXNativeTarget;
			buildConfigurationList = 64356B0E1AF7BBBD009A1D92 /* Build configuration list for PBXNativeTarget "PGBiasViewDemo" */;
			buildPhases = (
				64356AE71AF7BBBD009A1D92 /* Sources */,
				64356AE81AF7BBBD009A1D92 /* Frameworks */,
				64356AE91AF7BBBD009A1D92 /* Resources */,
			);
			buildRules = (
			);
			dependencies = (
			);
			name = PGBiasViewDemo;
			productName = PGBiasViewDemo;
			productReference = 64356AEB1AF7BBBD009A1D92 /* PGBiasViewDemo.app */;
			productType = "com.apple.product-type.application";
		};
		64356B031AF7BBBD009A1D92 /* PGBiasViewDemoTests */ = {
			isa = PBXNativeTarget;
			buildConfigurationList = 64356B111AF7BBBD009A1D92 /* Build configuration list for PBXNativeTarget "PGBiasViewDemoTests" */;
			buildPhases = (
				64356B001AF7BBBD009A1D92 /* Sources */,
				64356B011AF7BBBD009A1D92 /* Frameworks */,
				64356B021AF7BBBD009A1D92 /* Resources */,
			);
			buildRules = (
			);
			dependencies = (
				64356B061AF7BBBD009A1D92 /* PBXTargetDependency */,
			);
			name = PGBiasViewDemoTests;
			productName = PGBiasViewDemoTests;
			productReference = 64356B041AF7BBBD009A1D92 /* PGBiasViewDemoTests.xctest */;
			productType = "com.apple.product-type.bundle.unit-test";
		};
/* End PBXNativeTarget section */

/* Begin PBXProject section */
		64356AE31AF7BBBD009A1D92 /* Project object */ = {
			isa = PBXProject;
			attributes = {
				LastUpgradeCheck = 0630;
				ORGANIZATIONNAME = PinGuo;
				TargetAttributes = {
					64356AEA1AF7BBBD009A1D92 = {
						CreatedOnToolsVersion = 6.3;
					};
					64356B031AF7BBBD009A1D92 = {
						CreatedOnToolsVersion = 6.3;
						TestTargetID = 64356AEA1AF7BBBD009A1D92;
					};
				};
			};
			buildConfigurationList = 64356AE61AF7BBBD009A1D92 /* Build configuration list for PBXProject "PGBiasViewDemo" */;
			compatibilityVersion = "Xcode 3.2";
			developmentRegion = English;
			hasScannedForEncodings = 0;
			knownRegions = (
				en,
				Base,
			);
			mainGroup = 64356AE21AF7BBBD009A1D92;
			productRefGroup = 64356AEC1AF7BBBD009A1D92 /* Products */;
			projectDirPath = "";
			projectRoot = "";
			targets = (
				64356AEA1AF7BBBD009A1D92 /* PGBiasViewDemo */,
				64356B031AF7BBBD009A1D92 /* PGBiasViewDemoTests */,
			);
		};
/* End PBXProject section */

/* Begin PBXResourcesBuildPhase section */
		64356AE91AF7BBBD009A1D92 /* Resources */ = {
			isa = PBXResourcesBuildPhase;
			buildActionMask = 2147483647;
			files = (
				64356AFA1AF7BBBD009A1D92 /* Main.storyboard in Resources */,
				64356AFF1AF7BBBD009A1D92 /* LaunchScreen.xib in Resources */,
				64356AFC1AF7BBBD009A1D92 /* Images.xcassets in Resources */,
			);
			runOnlyForDeploymentPostprocessing = 0;
		};
		64356B021AF7BBBD009A1D92 /* Resources */ = {
			isa = PBXResourcesBuildPhase;
			buildActionMask = 2147483647;
			files = (
			);
			runOnlyForDeploymentPostprocessing = 0;
		};
/* End PBXResourcesBuildPhase section */

/* Begin PBXSourcesBuildPhase section */
		64356AE71AF7BBBD009A1D92 /* Sources */ = {
			isa = PBXSourcesBuildPhase;
			buildActionMask = 2147483647;
			files = (
				64356AF71AF7BBBD009A1D92 /* ViewController.m in Sources */,
				64356AF41AF7BBBD009A1D92 /* AppDelegate.m in Sources */,
				64356AF11AF7BBBD009A1D92 /* main.m in Sources */,
				6493043E1AFDB9F200BA5B0F /* PGShutterView.m in Sources */,
			);
			runOnlyForDeploymentPostprocessing = 0;
		};
		64356B001AF7BBBD009A1D92 /* Sources */ = {
			isa = PBXSourcesBuildPhase;
			buildActionMask = 2147483647;
			files = (
				64356B0B1AF7BBBD009A1D92 /* PGBiasViewDemoTests.m in Sources */,
			);
			runOnlyForDeploymentPostprocessing = 0;
		};
/* End PBXSourcesBuildPhase section */

/* Begin PBXTargetDependency section */
		64356B061AF7BBBD009A1D92 /* PBXTargetDependency */ = {
			isa = PBXTargetDependency;
			target = 64356AEA1AF7BBBD009A1D92 /* PGBiasViewDemo */;
			targetProxy = 64356B051AF7BBBD009A1D92 /* PBXContainerItemProxy */;
		};
/* End PBXTargetDependency section */

/* Begin PBXVariantGroup section */
		64356AF81AF7BBBD009A1D92 /* Main.storyboard */ = {
			isa = PBXVariantGroup;
			children = (
				64356AF91AF7BBBD009A1D92 /* Base */,
			);
			name = Main.storyboard;
			sourceTree = "<group>";
		};
		64356AFD1AF7BBBD009A1D92 /* LaunchScreen.xib */ = {
			isa = PBXVariantGroup;
			children = (
				64356AFE1AF7BBBD009A1D92 /* Base */,
			);
			name = LaunchScreen.xib;
			sourceTree = "<group>";
		};
/* End PBXVariantGroup section */

/* Begin XCBuildConfiguration section */
		64356B0C1AF7BBBD009A1D92 /* Debug */ = {
			isa = XCBuildConfiguration;
			buildSettings = {
				ALWAYS_SEARCH_USER_PATHS = NO;
				CLANG_CXX_LANGUAGE_STANDARD = "gnu++0x";
				CLANG_CXX_LIBRARY = "libc++";
				CLANG_ENABLE_MODULES = YES;
				CLANG_ENABLE_OBJC_ARC = YES;
				CLANG_WARN_BOOL_CONVERSION = YES;
				CLANG_WARN_CONSTANT_CONVERSION = YES;
				CLANG_WARN_DIRECT_OBJC_ISA_USAGE = YES_ERROR;
				CLANG_WARN_EMPTY_BODY = YES;
				CLANG_WARN_ENUM_CONVERSION = YES;
				CLANG_WARN_INT_CONVERSION = YES;
				CLANG_WARN_OBJC_ROOT_CLASS = YES_ERROR;
				CLANG_WARN_UNREACHABLE_CODE = YES;
				CLANG_WARN__DUPLICATE_METHOD_MATCH = YES;
				"CODE_SIGN_IDENTITY[sdk=iphoneos*]" = "iPhone Developer";
				COPY_PHASE_STRIP = NO;
				DEBUG_INFORMATION_FORMAT = "dwarf-with-dsym";
				ENABLE_STRICT_OBJC_MSGSEND = YES;
				GCC_C_LANGUAGE_STANDARD = gnu99;
				GCC_DYNAMIC_NO_PIC = NO;
				GCC_NO_COMMON_BLOCKS = YES;
				GCC_OPTIMIZATION_LEVEL = 0;
				GCC_PREPROCESSOR_DEFINITIONS = (
					"DEBUG=1",
					"$(inherited)",
				);
				GCC_SYMBOLS_PRIVATE_EXTERN = NO;
				GCC_WARN_64_TO_32_BIT_CONVERSION = YES;
				GCC_WARN_ABOUT_RETURN_TYPE = YES_ERROR;
				GCC_WARN_UNDECLARED_SELECTOR = YES;
				GCC_WARN_UNINITIALIZED_AUTOS = YES_AGGRESSIVE;
				GCC_WARN_UNUSED_FUNCTION = YES;
				GCC_WARN_UNUSED_VARIABLE = YES;
				IPHONEOS_DEPLOYMENT_TARGET = 8.3;
				MTL_ENABLE_DEBUG_INFO = YES;
				ONLY_ACTIVE_ARCH = YES;
				SDKROOT = iphoneos;
				TARGETED_DEVICE_FAMILY = "1,2";
			};
			name = Debug;
		};
		64356B0D1AF7BBBD009A1D92 /* Release */ = {
			isa = XCBuildConfiguration;
			buildSettings = {
				ALWAYS_SEARCH_USER_PATHS = NO;
				CLANG_CXX_LANGUAGE_STANDARD = "gnu++0x";
				CLANG_CXX_LIBRARY = "libc++";
				CLANG_ENABLE_MODULES = YES;
				CLANG_ENABLE_OBJC_ARC = YES;
				CLANG_WARN_BOOL_CONVERSION = YES;
				CLANG_WARN_CONSTANT_CONVERSION = YES;
				CLANG_WARN_DIRECT_OBJC_ISA_USAGE = YES_ERROR;
				CLANG_WARN_EMPTY_BODY = YES;
				CLANG_WARN_ENUM_CONVERSION = YES;
				CLANG_WARN_INT_CONVERSION = YES;
				CLANG_WARN_OBJC_ROOT_CLASS = YES_ERROR;
				CLANG_WARN_UNREACHABLE_CODE = YES;
				CLANG_WARN__DUPLICATE_METHOD_MATCH = YES;
				"CODE_SIGN_IDENTITY[sdk=iphoneos*]" = "iPhone Developer";
				COPY_PHASE_STRIP = NO;
				DEBUG_INFORMATION_FORMAT = "dwarf-with-dsym";
				ENABLE_NS_ASSERTIONS = NO;
				ENABLE_STRICT_OBJC_MSGSEND = YES;
				GCC_C_LANGUAGE_STANDARD = gnu99;
				GCC_NO_COMMON_BLOCKS = YES;
				GCC_WARN_64_TO_32_BIT_CONVERSION = YES;
				GCC_WARN_ABOUT_RETURN_TYPE = YES_ERROR;
				GCC_WARN_UNDECLARED_SELECTOR = YES;
				GCC_WARN_UNINITIALIZED_AUTOS = YES_AGGRESSIVE;
				GCC_WARN_UNUSED_FUNCTION = YES;
				GCC_WARN_UNUSED_VARIABLE = YES;
				IPHONEOS_DEPLOYMENT_TARGET = 8.3;
				MTL_ENABLE_DEBUG_INFO = NO;
				SDKROOT = iphoneos;
				TARGETED_DEVICE_FAMILY = "1,2";
				VALIDATE_PRODUCT = YES;
			};
			name = Release;
		};
		64356B0F1AF7BBBD009A1D92 /* Debug */ = {
			isa = XCBuildConfiguration;
			buildSettings = {
				ASSETCATALOG_COMPILER_APPICON_NAME = AppIcon;
				INFOPLIST_FILE = PGBiasViewDemo/Info.plist;
				LD_RUNPATH_SEARCH_PATHS = "$(inherited) @executable_path/Frameworks";
				PRODUCT_NAME = "$(TARGET_NAME)";
			};
			name = Debug;
		};
		64356B101AF7BBBD009A1D92 /* Release */ = {
			isa = XCBuildConfiguration;
			buildSettings = {
				ASSETCATALOG_COMPILER_APPICON_NAME = AppIcon;
				INFOPLIST_FILE = PGBiasViewDemo/Info.plist;
				LD_RUNPATH_SEARCH_PATHS = "$(inherited) @executable_path/Frameworks";
				PRODUCT_NAME = "$(TARGET_NAME)";
			};
			name = Release;
		};
		64356B121AF7BBBD009A1D92 /* Debug */ = {
			isa = XCBuildConfiguration;
			buildSettings = {
				BUNDLE_LOADER = "$(TEST_HOST)";
				FRAMEWORK_SEARCH_PATHS = (
					"$(SDKROOT)/Developer/Library/Frameworks",
					"$(inherited)",
				);
				GCC_PREPROCESSOR_DEFINITIONS = (
					"DEBUG=1",
					"$(inherited)",
				);
				INFOPLIST_FILE = PGBiasViewDemoTests/Info.plist;
				LD_RUNPATH_SEARCH_PATHS = "$(inherited) @executable_path/Frameworks @loader_path/Frameworks";
				PRODUCT_NAME = "$(TARGET_NAME)";
				TEST_HOST = "$(BUILT_PRODUCTS_DIR)/PGBiasViewDemo.app/PGBiasViewDemo";
			};
			name = Debug;
		};
		64356B131AF7BBBD009A1D92 /* Release */ = {
			isa = XCBuildConfiguration;
			buildSettings = {
				BUNDLE_LOADER = "$(TEST_HOST)";
				FRAMEWORK_SEARCH_PATHS = (
					"$(SDKROOT)/Developer/Library/Frameworks",
					"$(inherited)",
				);
				INFOPLIST_FILE = PGBiasViewDemoTests/Info.plist;
				LD_RUNPATH_SEARCH_PATHS = "$(inherited) @executable_path/Frameworks @loader_path/Frameworks";
				PRODUCT_NAME = "$(TARGET_NAME)";
				TEST_HOST = "$(BUILT_PRODUCTS_DIR)/PGBiasViewDemo.app/PGBiasViewDemo";
			};
			name = Release;
		};
/* End XCBuildConfiguration section */

/* Begin XCConfigurationList section */
		64356AE61AF7BBBD009A1D92 /* Build configuration list for PBXProject "PGBiasViewDemo" */ = {
			isa = XCConfigurationList;
			buildConfigurations = (
				64356B0C1AF7BBBD009A1D92 /* Debug */,
				64356B0D1AF7BBBD009A1D92 /* Release */,
			);
			defaultConfigurationIsVisible = 0;
			defaultConfigurationName = Release;
		};
		64356B0E1AF7BBBD009A1D92 /* Build configuration list for PBXNativeTarget "PGBiasViewDemo" */ = {
			isa = XCConfigurationList;
			buildConfigurations = (
				64356B0F1AF7BBBD009A1D92 /* Debug */,
				64356B101AF7BBBD009A1D92 /* Release */,
			);
			defaultConfigurationIsVisible = 0;
			defaultConfigurationName = Release;
		};
		64356B111AF7BBBD009A1D92 /* Build configuration list for PBXNativeTarget "PGBiasViewDemoTests" */ = {
			isa = XCConfigurationList;
			buildConfigurations = (
				64356B121AF7BBBD009A1D92 /* Debug */,
				64356B131AF7BBBD009A1D92 /* Release */,
			);
			defaultConfigurationIsVisible = 0;
			defaultConfigurationName = Release;
		};
/* End XCConfigurationList section */
	};
	rootObject = 64356AE31AF7BBBD009A1D92 /* Project object */;
}
